// !$*UTF8*$!
{
	archiveVersion = 1;
	classes = {
	};
	objectVersion = 55;
	objects = {

/* Begin PBXBuildFile section */
		3451AC70E215F9CAD4E744A4 /* Pods_Netology_VK.framework in Frameworks */ = {isa = PBXBuildFile; fileRef = DD395A9088CCD1AA1155A86D /* Pods_Netology_VK.framework */; };
		BC0B5D50291E3AC6005430A5 /* PostTextView.swift in Sources */ = {isa = PBXBuildFile; fileRef = BC0B5D4F291E3AC6005430A5 /* PostTextView.swift */; };
		BC2BFC1D2885F4C300D5CED1 /* AppDelegate.swift in Sources */ = {isa = PBXBuildFile; fileRef = BC2BFC1C2885F4C300D5CED1 /* AppDelegate.swift */; };
		BC2BFC1F2885F4C300D5CED1 /* SceneDelegate.swift in Sources */ = {isa = PBXBuildFile; fileRef = BC2BFC1E2885F4C300D5CED1 /* SceneDelegate.swift */; };
		BC2BFC212885F4C300D5CED1 /* StartViewController.swift in Sources */ = {isa = PBXBuildFile; fileRef = BC2BFC202885F4C300D5CED1 /* StartViewController.swift */; };
		BC2BFC262885F4CA00D5CED1 /* Assets.xcassets in Resources */ = {isa = PBXBuildFile; fileRef = BC2BFC252885F4CA00D5CED1 /* Assets.xcassets */; };
		BC2BFC292885F4CA00D5CED1 /* LaunchScreen.storyboard in Resources */ = {isa = PBXBuildFile; fileRef = BC2BFC272885F4CA00D5CED1 /* LaunchScreen.storyboard */; };
		BC2BFC32288854CB00D5CED1 /* StartPresenter.swift in Sources */ = {isa = PBXBuildFile; fileRef = BC2BFC31288854CB00D5CED1 /* StartPresenter.swift */; };
		BC2BFC352888552000D5CED1 /* Coordinator.swift in Sources */ = {isa = PBXBuildFile; fileRef = BC2BFC342888552000D5CED1 /* Coordinator.swift */; };
		BC2BFC482888AFE500D5CED1 /* Inter-Medium.ttf in Resources */ = {isa = PBXBuildFile; fileRef = BC2BFC472888AFE000D5CED1 /* Inter-Medium.ttf */; };
		BC2BFC492888AFE800D5CED1 /* Inter-Regular.ttf in Resources */ = {isa = PBXBuildFile; fileRef = BC2BFC462888AFE000D5CED1 /* Inter-Regular.ttf */; };
		BC2BFC4A2888AFEB00D5CED1 /* Inter-SemiBold.ttf in Resources */ = {isa = PBXBuildFile; fileRef = BC2BFC452888AFE000D5CED1 /* Inter-SemiBold.ttf */; };
		BC2C53DD292653C000154785 /* Factory.swift in Sources */ = {isa = PBXBuildFile; fileRef = BC2C53DC292653C000154785 /* Factory.swift */; };
		BC2C53E12927A4CD00154785 /* DetailPostHeaderView.swift in Sources */ = {isa = PBXBuildFile; fileRef = BC2C53E02927A4CD00154785 /* DetailPostHeaderView.swift */; };
		BC2C53E32927AC3F00154785 /* PostDetailPresenter.swift in Sources */ = {isa = PBXBuildFile; fileRef = BC2C53E22927AC3F00154785 /* PostDetailPresenter.swift */; };
		BC2C53E52927AC9A00154785 /* PostDetailModel.swift in Sources */ = {isa = PBXBuildFile; fileRef = BC2C53E42927AC9A00154785 /* PostDetailModel.swift */; };
		BC2C53E72927ADA600154785 /* GeneralDataFetcher.swift in Sources */ = {isa = PBXBuildFile; fileRef = BC2C53E62927ADA600154785 /* GeneralDataFetcher.swift */; };
		BC2C53EA2927BBE000154785 /* CommentTableViewCell.swift in Sources */ = {isa = PBXBuildFile; fileRef = BC2C53E92927BBE000154785 /* CommentTableViewCell.swift */; };
		BC2C53EC2928FB4000154785 /* CreateCommentView.swift in Sources */ = {isa = PBXBuildFile; fileRef = BC2C53EB2928FB4000154785 /* CreateCommentView.swift */; };
		BC2F0FAB28D5C267000D0E2E /* RepostView.swift in Sources */ = {isa = PBXBuildFile; fileRef = BC2F0FAA28D5C267000D0E2E /* RepostView.swift */; };
		BC3A314029351F160023B199 /* UIViewControllerProtocol.swift in Sources */ = {isa = PBXBuildFile; fileRef = BC3A313F29351F160023B199 /* UIViewControllerProtocol.swift */; };
		BC3A3142293522440023B199 /* Router.swift in Sources */ = {isa = PBXBuildFile; fileRef = BC3A3141293522440023B199 /* Router.swift */; };
		BC5B8A1228B23A0700AC575B /* FeedViewController.swift in Sources */ = {isa = PBXBuildFile; fileRef = BC5B8A1128B23A0700AC575B /* FeedViewController.swift */; };
		BC5B8A1928B2447400AC575B /* FeedPresenter.swift in Sources */ = {isa = PBXBuildFile; fileRef = BC5B8A1828B2447400AC575B /* FeedPresenter.swift */; };
		BC5B8A1B28B2489500AC575B /* FeedModel.swift in Sources */ = {isa = PBXBuildFile; fileRef = BC5B8A1A28B2489500AC575B /* FeedModel.swift */; };
		BC5B8A2028B24D6100AC575B /* ProfileViewController.swift in Sources */ = {isa = PBXBuildFile; fileRef = BC5B8A1F28B24D6100AC575B /* ProfileViewController.swift */; };
		BC5B8A2228B24D7800AC575B /* ProfilePresenter.swift in Sources */ = {isa = PBXBuildFile; fileRef = BC5B8A2128B24D7800AC575B /* ProfilePresenter.swift */; };
		BC5B8A2928B252CA00AC575B /* ProfileModel.swift in Sources */ = {isa = PBXBuildFile; fileRef = BC5B8A2828B252CA00AC575B /* ProfileModel.swift */; };
		BC5ED4E1292B91270081D330 /* PhotoDetailViewController.swift in Sources */ = {isa = PBXBuildFile; fileRef = BC5ED4E0292B91270081D330 /* PhotoDetailViewController.swift */; };
		BC5ED4E3292B91400081D330 /* PhotoDetailPresenter.swift in Sources */ = {isa = PBXBuildFile; fileRef = BC5ED4E2292B91400081D330 /* PhotoDetailPresenter.swift */; };
		BC5ED4E5292B914D0081D330 /* PhotoDetailModel.swift in Sources */ = {isa = PBXBuildFile; fileRef = BC5ED4E4292B914D0081D330 /* PhotoDetailModel.swift */; };
		BC5ED4E7292B94A70081D330 /* PhotosModel.swift in Sources */ = {isa = PBXBuildFile; fileRef = BC5ED4E6292B94A70081D330 /* PhotosModel.swift */; };
		BC5ED4EB292BA92D0081D330 /* AlbumsTableViewCell.swift in Sources */ = {isa = PBXBuildFile; fileRef = BC5ED4EA292BA92D0081D330 /* AlbumsTableViewCell.swift */; };
		BC616F3228CF96B90061A0B5 /* Extensions.swift in Sources */ = {isa = PBXBuildFile; fileRef = BC616F3128CF96B90061A0B5 /* Extensions.swift */; };
		BC6270B229203F6100489E86 /* PostDetailViewController.swift in Sources */ = {isa = PBXBuildFile; fileRef = BC6270B129203F6100489E86 /* PostDetailViewController.swift */; };
		BC6270B6292105D500489E86 /* UserModels.swift in Sources */ = {isa = PBXBuildFile; fileRef = BC6270B5292105D500489E86 /* UserModels.swift */; };
		BC6270B82921084300489E86 /* DataFetcher.swift in Sources */ = {isa = PBXBuildFile; fileRef = BC6270B72921084300489E86 /* DataFetcher.swift */; };
		BC6270BA2921088100489E86 /* UserDataFetcher.swift in Sources */ = {isa = PBXBuildFile; fileRef = BC6270B92921088100489E86 /* UserDataFetcher.swift */; };
		BC99A13528CF3484006295D2 /* FeedModels.swift in Sources */ = {isa = PBXBuildFile; fileRef = BC99A13428CF3484006295D2 /* FeedModels.swift */; };
		BC9D11182909675200760E23 /* LowView.swift in Sources */ = {isa = PBXBuildFile; fileRef = BC9D11172909675200760E23 /* LowView.swift */; };
		BCB372F5291BE5610092C952 /* FeedDataFetcher.swift in Sources */ = {isa = PBXBuildFile; fileRef = BCB372F4291BE5610092C952 /* FeedDataFetcher.swift */; };
		BCB9CBDE28C754CE00D0B667 /* NetworService.swift in Sources */ = {isa = PBXBuildFile; fileRef = BCB9CBDD28C754CE00D0B667 /* NetworService.swift */; };
		BCD07FAB29092A8600B2121F /* TopView.swift in Sources */ = {isa = PBXBuildFile; fileRef = BCD07FAA29092A8600B2121F /* TopView.swift */; };
		BCD07FAD290930DD00B2121F /* AttachmentsView.swift in Sources */ = {isa = PBXBuildFile; fileRef = BCD07FAC290930DD00B2121F /* AttachmentsView.swift */; };
		BCD0A5A92923E89D00D07229 /* ProfileHeaderLowView.swift in Sources */ = {isa = PBXBuildFile; fileRef = BCD0A5A82923E89D00D07229 /* ProfileHeaderLowView.swift */; };
		BCD0A5AE2923E98000D07229 /* PhotosTableViewCell.swift in Sources */ = {isa = PBXBuildFile; fileRef = BCD0A5AD2923E98000D07229 /* PhotosTableViewCell.swift */; };
		BCD0A5B02923EEDB00D07229 /* ProfileWallTableViewCell.swift in Sources */ = {isa = PBXBuildFile; fileRef = BCD0A5AF2923EEDB00D07229 /* ProfileWallTableViewCell.swift */; };
		BCD0A5B22923EF7D00D07229 /* PhotoCollectionViewCell.swift in Sources */ = {isa = PBXBuildFile; fileRef = BCD0A5B12923EF7D00D07229 /* PhotoCollectionViewCell.swift */; };
		BCD50A4C29366F4C00E1F6D9 /* MyErrors.swift in Sources */ = {isa = PBXBuildFile; fileRef = BCD50A4B29366F4C00E1F6D9 /* MyErrors.swift */; };
		BCDB90C828C4CED6003D2CAB /* VkAuthService.swift in Sources */ = {isa = PBXBuildFile; fileRef = BCDB90C728C4CED6003D2CAB /* VkAuthService.swift */; };
		BCE6A4E4292BB73E00AA5678 /* AllPhotosTableViewCell.swift in Sources */ = {isa = PBXBuildFile; fileRef = BCE6A4E3292BB73E00AA5678 /* AllPhotosTableViewCell.swift */; };
		BCE6A4E7292BB8EC00AA5678 /* AllPhotosCollectionViewCell.swift in Sources */ = {isa = PBXBuildFile; fileRef = BCE6A4E6292BB8EC00AA5678 /* AllPhotosCollectionViewCell.swift */; };
		BCE6A4EA292BBBE400AA5678 /* AllPhotosHeaderView.swift in Sources */ = {isa = PBXBuildFile; fileRef = BCE6A4E9292BBBE400AA5678 /* AllPhotosHeaderView.swift */; };
		BCE7506128B4F427001CAF88 /* PostTableViewCell.swift in Sources */ = {isa = PBXBuildFile; fileRef = BCE7506028B4F427001CAF88 /* PostTableViewCell.swift */; };
		BCFFC84429211C8100EC1CAC /* ProfileHeaderView.swift in Sources */ = {isa = PBXBuildFile; fileRef = BCFFC84329211C8100EC1CAC /* ProfileHeaderView.swift */; };
		BCFFC84629211DE400EC1CAC /* ProfileViewTopView.swift in Sources */ = {isa = PBXBuildFile; fileRef = BCFFC84529211DE400EC1CAC /* ProfileViewTopView.swift */; };
/* End PBXBuildFile section */

/* Begin PBXFileReference section */
		0FD1939223364E650F748687 /* Pods-Netology VK.release.xcconfig */ = {isa = PBXFileReference; includeInIndex = 1; lastKnownFileType = text.xcconfig; name = "Pods-Netology VK.release.xcconfig"; path = "Target Support Files/Pods-Netology VK/Pods-Netology VK.release.xcconfig"; sourceTree = "<group>"; };
		7E40DD75343AAAFECB1CDE0B /* Pods-Netology VK.debug.xcconfig */ = {isa = PBXFileReference; includeInIndex = 1; lastKnownFileType = text.xcconfig; name = "Pods-Netology VK.debug.xcconfig"; path = "Target Support Files/Pods-Netology VK/Pods-Netology VK.debug.xcconfig"; sourceTree = "<group>"; };
		BC0B5D4F291E3AC6005430A5 /* PostTextView.swift */ = {isa = PBXFileReference; lastKnownFileType = sourcecode.swift; path = PostTextView.swift; sourceTree = "<group>"; };
		BC2BFC192885F4C300D5CED1 /* Netology VK.app */ = {isa = PBXFileReference; explicitFileType = wrapper.application; includeInIndex = 0; path = "Netology VK.app"; sourceTree = BUILT_PRODUCTS_DIR; };
		BC2BFC1C2885F4C300D5CED1 /* AppDelegate.swift */ = {isa = PBXFileReference; lastKnownFileType = sourcecode.swift; path = AppDelegate.swift; sourceTree = "<group>"; };
		BC2BFC1E2885F4C300D5CED1 /* SceneDelegate.swift */ = {isa = PBXFileReference; lastKnownFileType = sourcecode.swift; path = SceneDelegate.swift; sourceTree = "<group>"; };
		BC2BFC202885F4C300D5CED1 /* StartViewController.swift */ = {isa = PBXFileReference; lastKnownFileType = sourcecode.swift; path = StartViewController.swift; sourceTree = "<group>"; };
		BC2BFC252885F4CA00D5CED1 /* Assets.xcassets */ = {isa = PBXFileReference; lastKnownFileType = folder.assetcatalog; path = Assets.xcassets; sourceTree = "<group>"; };
		BC2BFC282885F4CA00D5CED1 /* Base */ = {isa = PBXFileReference; lastKnownFileType = file.storyboard; name = Base; path = Base.lproj/LaunchScreen.storyboard; sourceTree = "<group>"; };
		BC2BFC31288854CB00D5CED1 /* StartPresenter.swift */ = {isa = PBXFileReference; lastKnownFileType = sourcecode.swift; path = StartPresenter.swift; sourceTree = "<group>"; };
		BC2BFC342888552000D5CED1 /* Coordinator.swift */ = {isa = PBXFileReference; lastKnownFileType = sourcecode.swift; path = Coordinator.swift; sourceTree = "<group>"; };
		BC2BFC452888AFE000D5CED1 /* Inter-SemiBold.ttf */ = {isa = PBXFileReference; lastKnownFileType = file; path = "Inter-SemiBold.ttf"; sourceTree = "<group>"; };
		BC2BFC462888AFE000D5CED1 /* Inter-Regular.ttf */ = {isa = PBXFileReference; lastKnownFileType = file; path = "Inter-Regular.ttf"; sourceTree = "<group>"; };
		BC2BFC472888AFE000D5CED1 /* Inter-Medium.ttf */ = {isa = PBXFileReference; lastKnownFileType = file; path = "Inter-Medium.ttf"; sourceTree = "<group>"; };
		BC2C53DC292653C000154785 /* Factory.swift */ = {isa = PBXFileReference; lastKnownFileType = sourcecode.swift; path = Factory.swift; sourceTree = "<group>"; };
		BC2C53E02927A4CD00154785 /* DetailPostHeaderView.swift */ = {isa = PBXFileReference; lastKnownFileType = sourcecode.swift; path = DetailPostHeaderView.swift; sourceTree = "<group>"; };
		BC2C53E22927AC3F00154785 /* PostDetailPresenter.swift */ = {isa = PBXFileReference; lastKnownFileType = sourcecode.swift; path = PostDetailPresenter.swift; sourceTree = "<group>"; };
		BC2C53E42927AC9A00154785 /* PostDetailModel.swift */ = {isa = PBXFileReference; lastKnownFileType = sourcecode.swift; path = PostDetailModel.swift; sourceTree = "<group>"; };
		BC2C53E62927ADA600154785 /* GeneralDataFetcher.swift */ = {isa = PBXFileReference; lastKnownFileType = sourcecode.swift; path = GeneralDataFetcher.swift; sourceTree = "<group>"; };
		BC2C53E92927BBE000154785 /* CommentTableViewCell.swift */ = {isa = PBXFileReference; lastKnownFileType = sourcecode.swift; path = CommentTableViewCell.swift; sourceTree = "<group>"; };
		BC2C53EB2928FB4000154785 /* CreateCommentView.swift */ = {isa = PBXFileReference; lastKnownFileType = sourcecode.swift; path = CreateCommentView.swift; sourceTree = "<group>"; };
		BC2F0FAA28D5C267000D0E2E /* RepostView.swift */ = {isa = PBXFileReference; lastKnownFileType = sourcecode.swift; path = RepostView.swift; sourceTree = "<group>"; };
		BC3A313F29351F160023B199 /* UIViewControllerProtocol.swift */ = {isa = PBXFileReference; lastKnownFileType = sourcecode.swift; path = UIViewControllerProtocol.swift; sourceTree = "<group>"; };
		BC3A3141293522440023B199 /* Router.swift */ = {isa = PBXFileReference; lastKnownFileType = sourcecode.swift; path = Router.swift; sourceTree = "<group>"; };
		BC4822DF28C614AD008CC250 /* Info.plist */ = {isa = PBXFileReference; fileEncoding = 4; lastKnownFileType = text.plist.xml; path = Info.plist; sourceTree = "<group>"; };
		BC5B8A1128B23A0700AC575B /* FeedViewController.swift */ = {isa = PBXFileReference; lastKnownFileType = sourcecode.swift; path = FeedViewController.swift; sourceTree = "<group>"; };
		BC5B8A1828B2447400AC575B /* FeedPresenter.swift */ = {isa = PBXFileReference; lastKnownFileType = sourcecode.swift; path = FeedPresenter.swift; sourceTree = "<group>"; };
		BC5B8A1A28B2489500AC575B /* FeedModel.swift */ = {isa = PBXFileReference; lastKnownFileType = sourcecode.swift; path = FeedModel.swift; sourceTree = "<group>"; };
		BC5B8A1F28B24D6100AC575B /* ProfileViewController.swift */ = {isa = PBXFileReference; lastKnownFileType = sourcecode.swift; path = ProfileViewController.swift; sourceTree = "<group>"; };
		BC5B8A2128B24D7800AC575B /* ProfilePresenter.swift */ = {isa = PBXFileReference; lastKnownFileType = sourcecode.swift; path = ProfilePresenter.swift; sourceTree = "<group>"; };
		BC5B8A2828B252CA00AC575B /* ProfileModel.swift */ = {isa = PBXFileReference; lastKnownFileType = sourcecode.swift; path = ProfileModel.swift; sourceTree = "<group>"; };
		BC5ED4E0292B91270081D330 /* PhotoDetailViewController.swift */ = {isa = PBXFileReference; lastKnownFileType = sourcecode.swift; path = PhotoDetailViewController.swift; sourceTree = "<group>"; };
		BC5ED4E2292B91400081D330 /* PhotoDetailPresenter.swift */ = {isa = PBXFileReference; lastKnownFileType = sourcecode.swift; path = PhotoDetailPresenter.swift; sourceTree = "<group>"; };
		BC5ED4E4292B914D0081D330 /* PhotoDetailModel.swift */ = {isa = PBXFileReference; lastKnownFileType = sourcecode.swift; path = PhotoDetailModel.swift; sourceTree = "<group>"; };
		BC5ED4E6292B94A70081D330 /* PhotosModel.swift */ = {isa = PBXFileReference; lastKnownFileType = sourcecode.swift; path = PhotosModel.swift; sourceTree = "<group>"; };
		BC5ED4EA292BA92D0081D330 /* AlbumsTableViewCell.swift */ = {isa = PBXFileReference; lastKnownFileType = sourcecode.swift; path = AlbumsTableViewCell.swift; sourceTree = "<group>"; };
		BC616F3128CF96B90061A0B5 /* Extensions.swift */ = {isa = PBXFileReference; lastKnownFileType = sourcecode.swift; path = Extensions.swift; sourceTree = "<group>"; };
		BC6270B129203F6100489E86 /* PostDetailViewController.swift */ = {isa = PBXFileReference; lastKnownFileType = sourcecode.swift; path = PostDetailViewController.swift; sourceTree = "<group>"; };
		BC6270B5292105D500489E86 /* UserModels.swift */ = {isa = PBXFileReference; lastKnownFileType = sourcecode.swift; path = UserModels.swift; sourceTree = "<group>"; };
		BC6270B72921084300489E86 /* DataFetcher.swift */ = {isa = PBXFileReference; lastKnownFileType = sourcecode.swift; path = DataFetcher.swift; sourceTree = "<group>"; };
		BC6270B92921088100489E86 /* UserDataFetcher.swift */ = {isa = PBXFileReference; lastKnownFileType = sourcecode.swift; path = UserDataFetcher.swift; sourceTree = "<group>"; };
		BC99A13428CF3484006295D2 /* FeedModels.swift */ = {isa = PBXFileReference; lastKnownFileType = sourcecode.swift; path = FeedModels.swift; sourceTree = "<group>"; };
		BC9D11172909675200760E23 /* LowView.swift */ = {isa = PBXFileReference; lastKnownFileType = sourcecode.swift; path = LowView.swift; sourceTree = "<group>"; };
		BCB372F4291BE5610092C952 /* FeedDataFetcher.swift */ = {isa = PBXFileReference; lastKnownFileType = sourcecode.swift; path = FeedDataFetcher.swift; sourceTree = "<group>"; };
		BCB9CBDD28C754CE00D0B667 /* NetworService.swift */ = {isa = PBXFileReference; lastKnownFileType = sourcecode.swift; path = NetworService.swift; sourceTree = "<group>"; };
		BCD07FAA29092A8600B2121F /* TopView.swift */ = {isa = PBXFileReference; lastKnownFileType = sourcecode.swift; path = TopView.swift; sourceTree = "<group>"; };
		BCD07FAC290930DD00B2121F /* AttachmentsView.swift */ = {isa = PBXFileReference; lastKnownFileType = sourcecode.swift; path = AttachmentsView.swift; sourceTree = "<group>"; };
		BCD0A5A82923E89D00D07229 /* ProfileHeaderLowView.swift */ = {isa = PBXFileReference; lastKnownFileType = sourcecode.swift; path = ProfileHeaderLowView.swift; sourceTree = "<group>"; };
		BCD0A5AD2923E98000D07229 /* PhotosTableViewCell.swift */ = {isa = PBXFileReference; lastKnownFileType = sourcecode.swift; path = PhotosTableViewCell.swift; sourceTree = "<group>"; };
		BCD0A5AF2923EEDB00D07229 /* ProfileWallTableViewCell.swift */ = {isa = PBXFileReference; lastKnownFileType = sourcecode.swift; path = ProfileWallTableViewCell.swift; sourceTree = "<group>"; };
		BCD0A5B12923EF7D00D07229 /* PhotoCollectionViewCell.swift */ = {isa = PBXFileReference; lastKnownFileType = sourcecode.swift; path = PhotoCollectionViewCell.swift; sourceTree = "<group>"; };
		BCD50A4B29366F4C00E1F6D9 /* MyErrors.swift */ = {isa = PBXFileReference; lastKnownFileType = sourcecode.swift; path = MyErrors.swift; sourceTree = "<group>"; };
		BCDB90C728C4CED6003D2CAB /* VkAuthService.swift */ = {isa = PBXFileReference; lastKnownFileType = sourcecode.swift; path = VkAuthService.swift; sourceTree = "<group>"; };
		BCE6A4E3292BB73E00AA5678 /* AllPhotosTableViewCell.swift */ = {isa = PBXFileReference; lastKnownFileType = sourcecode.swift; path = AllPhotosTableViewCell.swift; sourceTree = "<group>"; };
		BCE6A4E6292BB8EC00AA5678 /* AllPhotosCollectionViewCell.swift */ = {isa = PBXFileReference; lastKnownFileType = sourcecode.swift; path = AllPhotosCollectionViewCell.swift; sourceTree = "<group>"; };
		BCE6A4E9292BBBE400AA5678 /* AllPhotosHeaderView.swift */ = {isa = PBXFileReference; lastKnownFileType = sourcecode.swift; path = AllPhotosHeaderView.swift; sourceTree = "<group>"; };
		BCE7506028B4F427001CAF88 /* PostTableViewCell.swift */ = {isa = PBXFileReference; lastKnownFileType = sourcecode.swift; path = PostTableViewCell.swift; sourceTree = "<group>"; };
		BCFFC84329211C8100EC1CAC /* ProfileHeaderView.swift */ = {isa = PBXFileReference; lastKnownFileType = sourcecode.swift; path = ProfileHeaderView.swift; sourceTree = "<group>"; };
		BCFFC84529211DE400EC1CAC /* ProfileViewTopView.swift */ = {isa = PBXFileReference; lastKnownFileType = sourcecode.swift; path = ProfileViewTopView.swift; sourceTree = "<group>"; };
		DD395A9088CCD1AA1155A86D /* Pods_Netology_VK.framework */ = {isa = PBXFileReference; explicitFileType = wrapper.framework; includeInIndex = 0; path = Pods_Netology_VK.framework; sourceTree = BUILT_PRODUCTS_DIR; };
/* End PBXFileReference section */

/* Begin PBXFrameworksBuildPhase section */
		BC2BFC162885F4C300D5CED1 /* Frameworks */ = {
			isa = PBXFrameworksBuildPhase;
			buildActionMask = 2147483647;
			files = (
				3451AC70E215F9CAD4E744A4 /* Pods_Netology_VK.framework in Frameworks */,
			);
			runOnlyForDeploymentPostprocessing = 0;
		};
/* End PBXFrameworksBuildPhase section */

/* Begin PBXGroup section */
		6AE216CE5DB4E5804D4E4417 /* Frameworks */ = {
			isa = PBXGroup;
			children = (
				DD395A9088CCD1AA1155A86D /* Pods_Netology_VK.framework */,
			);
			name = Frameworks;
			sourceTree = "<group>";
		};
		AFC59CDEA7C3576B4D313B6A /* Pods */ = {
			isa = PBXGroup;
			children = (
				7E40DD75343AAAFECB1CDE0B /* Pods-Netology VK.debug.xcconfig */,
				0FD1939223364E650F748687 /* Pods-Netology VK.release.xcconfig */,
			);
			path = Pods;
			sourceTree = "<group>";
		};
		BC2BFC102885F4C300D5CED1 = {
			isa = PBXGroup;
			children = (
				BC2BFC1B2885F4C300D5CED1 /* Netology VK */,
				BC2BFC1A2885F4C300D5CED1 /* Products */,
				AFC59CDEA7C3576B4D313B6A /* Pods */,
				6AE216CE5DB4E5804D4E4417 /* Frameworks */,
			);
			sourceTree = "<group>";
		};
		BC2BFC1A2885F4C300D5CED1 /* Products */ = {
			isa = PBXGroup;
			children = (
				BC2BFC192885F4C300D5CED1 /* Netology VK.app */,
			);
			name = Products;
			sourceTree = "<group>";
		};
		BC2BFC1B2885F4C300D5CED1 /* Netology VK */ = {
			isa = PBXGroup;
			children = (
				BC3A313E29351EF60023B199 /* Extensions + Protocols */,
				BC4822DF28C614AD008CC250 /* Info.plist */,
				BCDB90C628C4CEBC003D2CAB /* Services */,
				BC2BFC30288854A600D5CED1 /* StartModule */,
				BC5B8A1028B239D800AC575B /* FeedModule */,
				BC6270B029203F3500489E86 /* PostDetailModule */,
				BC5ED4DF292B91000081D330 /* PhotoDetailModule */,
				BC5B8A1C28B24D2000AC575B /* ProfileModule */,
				BC2BFC332888550900D5CED1 /* Coordinator + Factory */,
				BC2C53DE2927A1F400154785 /* Application */,
			);
			path = "Netology VK";
			sourceTree = "<group>";
		};
		BC2BFC30288854A600D5CED1 /* StartModule */ = {
			isa = PBXGroup;
			children = (
				BC2BFC202885F4C300D5CED1 /* StartViewController.swift */,
				BC2BFC31288854CB00D5CED1 /* StartPresenter.swift */,
			);
			path = StartModule;
			sourceTree = "<group>";
		};
		BC2BFC332888550900D5CED1 /* Coordinator + Factory */ = {
			isa = PBXGroup;
			children = (
				BC2BFC342888552000D5CED1 /* Coordinator.swift */,
				BC2C53DC292653C000154785 /* Factory.swift */,
				BC3A3141293522440023B199 /* Router.swift */,
			);
			path = "Coordinator + Factory";
			sourceTree = "<group>";
		};
		BC2BFC3928889E7500D5CED1 /* Fonts */ = {
			isa = PBXGroup;
			children = (
				BC2BFC472888AFE000D5CED1 /* Inter-Medium.ttf */,
				BC2BFC462888AFE000D5CED1 /* Inter-Regular.ttf */,
				BC2BFC452888AFE000D5CED1 /* Inter-SemiBold.ttf */,
			);
			path = Fonts;
			sourceTree = "<group>";
		};
		BC2C53DE2927A1F400154785 /* Application */ = {
			isa = PBXGroup;
			children = (
				BC2BFC3928889E7500D5CED1 /* Fonts */,
				BC2BFC1C2885F4C300D5CED1 /* AppDelegate.swift */,
				BC2BFC1E2885F4C300D5CED1 /* SceneDelegate.swift */,
				BC2BFC252885F4CA00D5CED1 /* Assets.xcassets */,
				BC2BFC272885F4CA00D5CED1 /* LaunchScreen.storyboard */,
			);
			path = Application;
			sourceTree = "<group>";
		};
		BC2C53DF2927A4B400154785 /* Views */ = {
			isa = PBXGroup;
			children = (
				BC2C53E02927A4CD00154785 /* DetailPostHeaderView.swift */,
				BC2C53EB2928FB4000154785 /* CreateCommentView.swift */,
			);
			path = Views;
			sourceTree = "<group>";
		};
		BC2C53E82927BBCA00154785 /* Cells */ = {
			isa = PBXGroup;
			children = (
				BC2C53E92927BBE000154785 /* CommentTableViewCell.swift */,
			);
			path = Cells;
			sourceTree = "<group>";
		};
		BC2F0FAC28D5C279000D0E2E /* Cells */ = {
			isa = PBXGroup;
			children = (
				BCE7506028B4F427001CAF88 /* PostTableViewCell.swift */,
			);
			path = Cells;
			sourceTree = "<group>";
		};
		BC2F0FAD28D5C282000D0E2E /* Views */ = {
			isa = PBXGroup;
			children = (
				BC2F0FAA28D5C267000D0E2E /* RepostView.swift */,
				BC0B5D4F291E3AC6005430A5 /* PostTextView.swift */,
				BCD07FAC290930DD00B2121F /* AttachmentsView.swift */,
				BCD07FAA29092A8600B2121F /* TopView.swift */,
				BC9D11172909675200760E23 /* LowView.swift */,
			);
			path = Views;
			sourceTree = "<group>";
		};
		BC3A313E29351EF60023B199 /* Extensions + Protocols */ = {
			isa = PBXGroup;
			children = (
				BC616F3128CF96B90061A0B5 /* Extensions.swift */,
				BC3A313F29351F160023B199 /* UIViewControllerProtocol.swift */,
			);
			path = "Extensions + Protocols";
			sourceTree = "<group>";
		};
		BC5B8A1028B239D800AC575B /* FeedModule */ = {
			isa = PBXGroup;
			children = (
				BC5B8A1128B23A0700AC575B /* FeedViewController.swift */,
				BC5B8A1828B2447400AC575B /* FeedPresenter.swift */,
				BC5B8A1A28B2489500AC575B /* FeedModel.swift */,
				BC2F0FAC28D5C279000D0E2E /* Cells */,
				BC2F0FAD28D5C282000D0E2E /* Views */,
			);
			path = FeedModule;
			sourceTree = "<group>";
		};
		BC5B8A1C28B24D2000AC575B /* ProfileModule */ = {
			isa = PBXGroup;
			children = (
				BCD0A5AA2923E93F00D07229 /* Cells */,
				BCFFC84229211C6400EC1CAC /* Views */,
				BC5B8A1F28B24D6100AC575B /* ProfileViewController.swift */,
				BC5B8A2828B252CA00AC575B /* ProfileModel.swift */,
				BC5B8A2128B24D7800AC575B /* ProfilePresenter.swift */,
			);
			path = ProfileModule;
			sourceTree = "<group>";
		};
		BC5ED4DF292B91000081D330 /* PhotoDetailModule */ = {
			isa = PBXGroup;
			children = (
				BCE6A4E8292BBBBB00AA5678 /* Views */,
				BC5ED4E8292BA0100081D330 /* Cells */,
				BC5ED4E0292B91270081D330 /* PhotoDetailViewController.swift */,
				BC5ED4E2292B91400081D330 /* PhotoDetailPresenter.swift */,
				BC5ED4E4292B914D0081D330 /* PhotoDetailModel.swift */,
			);
			path = PhotoDetailModule;
			sourceTree = "<group>";
		};
		BC5ED4E8292BA0100081D330 /* Cells */ = {
			isa = PBXGroup;
			children = (
				BCE6A4E5292BB87F00AA5678 /* CollectionCells */,
				BC5ED4E9292BA02F0081D330 /* TabelCells */,
			);
			path = Cells;
			sourceTree = "<group>";
		};
		BC5ED4E9292BA02F0081D330 /* TabelCells */ = {
			isa = PBXGroup;
			children = (
				BC5ED4EA292BA92D0081D330 /* AlbumsTableViewCell.swift */,
				BCE6A4E3292BB73E00AA5678 /* AllPhotosTableViewCell.swift */,
			);
			path = TabelCells;
			sourceTree = "<group>";
		};
		BC6270B029203F3500489E86 /* PostDetailModule */ = {
			isa = PBXGroup;
			children = (
				BC2C53E82927BBCA00154785 /* Cells */,
				BC2C53DF2927A4B400154785 /* Views */,
				BC6270B129203F6100489E86 /* PostDetailViewController.swift */,
				BC2C53E22927AC3F00154785 /* PostDetailPresenter.swift */,
				BC2C53E42927AC9A00154785 /* PostDetailModel.swift */,
			);
			path = PostDetailModule;
			sourceTree = "<group>";
		};
		BC6270B32921057C00489E86 /* NetworkService */ = {
			isa = PBXGroup;
			children = (
				BCB9CBDD28C754CE00D0B667 /* NetworService.swift */,
				BCB372F4291BE5610092C952 /* FeedDataFetcher.swift */,
				BC2C53E62927ADA600154785 /* GeneralDataFetcher.swift */,
				BC6270B92921088100489E86 /* UserDataFetcher.swift */,
				BC6270B72921084300489E86 /* DataFetcher.swift */,
				BC6270B42921059500489E86 /* NetworkModels */,
				BCD50A4B29366F4C00E1F6D9 /* MyErrors.swift */,
			);
			path = NetworkService;
			sourceTree = "<group>";
		};
		BC6270B42921059500489E86 /* NetworkModels */ = {
			isa = PBXGroup;
			children = (
				BC99A13428CF3484006295D2 /* FeedModels.swift */,
				BC6270B5292105D500489E86 /* UserModels.swift */,
				BC5ED4E6292B94A70081D330 /* PhotosModel.swift */,
			);
			path = NetworkModels;
			sourceTree = "<group>";
		};
		BCD0A5AA2923E93F00D07229 /* Cells */ = {
			isa = PBXGroup;
			children = (
				BCD0A5AC2923E95700D07229 /* CollectionCells */,
				BCD0A5AB2923E94B00D07229 /* TableCells */,
			);
			path = Cells;
			sourceTree = "<group>";
		};
		BCD0A5AB2923E94B00D07229 /* TableCells */ = {
			isa = PBXGroup;
			children = (
				BCD0A5AD2923E98000D07229 /* PhotosTableViewCell.swift */,
				BCD0A5AF2923EEDB00D07229 /* ProfileWallTableViewCell.swift */,
			);
			path = TableCells;
			sourceTree = "<group>";
		};
		BCD0A5AC2923E95700D07229 /* CollectionCells */ = {
			isa = PBXGroup;
			children = (
				BCD0A5B12923EF7D00D07229 /* PhotoCollectionViewCell.swift */,
			);
			path = CollectionCells;
			sourceTree = "<group>";
		};
		BCDB90C628C4CEBC003D2CAB /* Services */ = {
			isa = PBXGroup;
			children = (
				BCDB90C728C4CED6003D2CAB /* VkAuthService.swift */,
				BC6270B32921057C00489E86 /* NetworkService */,
			);
			path = Services;
			sourceTree = "<group>";
		};
		BCE6A4E5292BB87F00AA5678 /* CollectionCells */ = {
			isa = PBXGroup;
			children = (
				BCE6A4E6292BB8EC00AA5678 /* AllPhotosCollectionViewCell.swift */,
			);
			path = CollectionCells;
			sourceTree = "<group>";
		};
		BCE6A4E8292BBBBB00AA5678 /* Views */ = {
			isa = PBXGroup;
			children = (
				BCE6A4E9292BBBE400AA5678 /* AllPhotosHeaderView.swift */,
			);
			path = Views;
			sourceTree = "<group>";
		};
		BCFFC84229211C6400EC1CAC /* Views */ = {
			isa = PBXGroup;
			children = (
				BCFFC84329211C8100EC1CAC /* ProfileHeaderView.swift */,
				BCD0A5A82923E89D00D07229 /* ProfileHeaderLowView.swift */,
				BCFFC84529211DE400EC1CAC /* ProfileViewTopView.swift */,
			);
			path = Views;
			sourceTree = "<group>";
		};
/* End PBXGroup section */

/* Begin PBXNativeTarget section */
		BC2BFC182885F4C300D5CED1 /* Netology VK */ = {
			isa = PBXNativeTarget;
			buildConfigurationList = BC2BFC2D2885F4CA00D5CED1 /* Build configuration list for PBXNativeTarget "Netology VK" */;
			buildPhases = (
				E67FE2E0698B9D32F41D6B27 /* [CP] Check Pods Manifest.lock */,
				BC2BFC152885F4C300D5CED1 /* Sources */,
				BC2BFC162885F4C300D5CED1 /* Frameworks */,
				BC2BFC172885F4C300D5CED1 /* Resources */,
				8E901C9C210A9740779114CB /* [CP] Embed Pods Frameworks */,
			);
			buildRules = (
			);
			dependencies = (
			);
			name = "Netology VK";
			productName = "Netology VK";
			productReference = BC2BFC192885F4C300D5CED1 /* Netology VK.app */;
			productType = "com.apple.product-type.application";
		};
/* End PBXNativeTarget section */

/* Begin PBXProject section */
		BC2BFC112885F4C300D5CED1 /* Project object */ = {
			isa = PBXProject;
			attributes = {
				BuildIndependentTargetsInParallel = 1;
				LastSwiftUpdateCheck = 1330;
				LastUpgradeCheck = 1330;
				TargetAttributes = {
					BC2BFC182885F4C300D5CED1 = {
						CreatedOnToolsVersion = 13.3;
					};
				};
			};
			buildConfigurationList = BC2BFC142885F4C300D5CED1 /* Build configuration list for PBXProject "Netology VK" */;
			compatibilityVersion = "Xcode 13.0";
			developmentRegion = en;
			hasScannedForEncodings = 0;
			knownRegions = (
				en,
				Base,
			);
			mainGroup = BC2BFC102885F4C300D5CED1;
			productRefGroup = BC2BFC1A2885F4C300D5CED1 /* Products */;
			projectDirPath = "";
			projectRoot = "";
			targets = (
				BC2BFC182885F4C300D5CED1 /* Netology VK */,
			);
		};
/* End PBXProject section */

/* Begin PBXResourcesBuildPhase section */
		BC2BFC172885F4C300D5CED1 /* Resources */ = {
			isa = PBXResourcesBuildPhase;
			buildActionMask = 2147483647;
			files = (
				BC2BFC292885F4CA00D5CED1 /* LaunchScreen.storyboard in Resources */,
				BC2BFC262885F4CA00D5CED1 /* Assets.xcassets in Resources */,
				BC2BFC492888AFE800D5CED1 /* Inter-Regular.ttf in Resources */,
				BC2BFC4A2888AFEB00D5CED1 /* Inter-SemiBold.ttf in Resources */,
				BC2BFC482888AFE500D5CED1 /* Inter-Medium.ttf in Resources */,
			);
			runOnlyForDeploymentPostprocessing = 0;
		};
/* End PBXResourcesBuildPhase section */

/* Begin PBXShellScriptBuildPhase section */
		8E901C9C210A9740779114CB /* [CP] Embed Pods Frameworks */ = {
			isa = PBXShellScriptBuildPhase;
			buildActionMask = 2147483647;
			files = (
			);
			inputFileListPaths = (
				"${PODS_ROOT}/Target Support Files/Pods-Netology VK/Pods-Netology VK-frameworks-${CONFIGURATION}-input-files.xcfilelist",
			);
			name = "[CP] Embed Pods Frameworks";
			outputFileListPaths = (
				"${PODS_ROOT}/Target Support Files/Pods-Netology VK/Pods-Netology VK-frameworks-${CONFIGURATION}-output-files.xcfilelist",
			);
			runOnlyForDeploymentPostprocessing = 0;
			shellPath = /bin/sh;
			shellScript = "\"${PODS_ROOT}/Target Support Files/Pods-Netology VK/Pods-Netology VK-frameworks.sh\"\n";
			showEnvVarsInLog = 0;
		};
		E67FE2E0698B9D32F41D6B27 /* [CP] Check Pods Manifest.lock */ = {
			isa = PBXShellScriptBuildPhase;
			buildActionMask = 2147483647;
			files = (
			);
			inputFileListPaths = (
			);
			inputPaths = (
				"${PODS_PODFILE_DIR_PATH}/Podfile.lock",
				"${PODS_ROOT}/Manifest.lock",
			);
			name = "[CP] Check Pods Manifest.lock";
			outputFileListPaths = (
			);
			outputPaths = (
				"$(DERIVED_FILE_DIR)/Pods-Netology VK-checkManifestLockResult.txt",
			);
			runOnlyForDeploymentPostprocessing = 0;
			shellPath = /bin/sh;
			shellScript = "diff \"${PODS_PODFILE_DIR_PATH}/Podfile.lock\" \"${PODS_ROOT}/Manifest.lock\" > /dev/null\nif [ $? != 0 ] ; then\n    # print error to STDERR\n    echo \"error: The sandbox is not in sync with the Podfile.lock. Run 'pod install' or update your CocoaPods installation.\" >&2\n    exit 1\nfi\n# This output is used by Xcode 'outputs' to avoid re-running this script phase.\necho \"SUCCESS\" > \"${SCRIPT_OUTPUT_FILE_0}\"\n";
			showEnvVarsInLog = 0;
		};
/* End PBXShellScriptBuildPhase section */

/* Begin PBXSourcesBuildPhase section */
		BC2BFC152885F4C300D5CED1 /* Sources */ = {
			isa = PBXSourcesBuildPhase;
			buildActionMask = 2147483647;
			files = (
				BCE6A4E4292BB73E00AA5678 /* AllPhotosTableViewCell.swift in Sources */,
				BCE6A4EA292BBBE400AA5678 /* AllPhotosHeaderView.swift in Sources */,
				BC6270B229203F6100489E86 /* PostDetailViewController.swift in Sources */,
				BCDB90C828C4CED6003D2CAB /* VkAuthService.swift in Sources */,
				BC5B8A1228B23A0700AC575B /* FeedViewController.swift in Sources */,
				BC99A13528CF3484006295D2 /* FeedModels.swift in Sources */,
				BC2BFC212885F4C300D5CED1 /* StartViewController.swift in Sources */,
				BC2F0FAB28D5C267000D0E2E /* RepostView.swift in Sources */,
				BC5B8A2028B24D6100AC575B /* ProfileViewController.swift in Sources */,
				BC2BFC32288854CB00D5CED1 /* StartPresenter.swift in Sources */,
				BCD50A4C29366F4C00E1F6D9 /* MyErrors.swift in Sources */,
				BC2BFC352888552000D5CED1 /* Coordinator.swift in Sources */,
				BC2BFC1D2885F4C300D5CED1 /* AppDelegate.swift in Sources */,
				BCD0A5B02923EEDB00D07229 /* ProfileWallTableViewCell.swift in Sources */,
				BC5ED4E5292B914D0081D330 /* PhotoDetailModel.swift in Sources */,
				BC2C53E72927ADA600154785 /* GeneralDataFetcher.swift in Sources */,
				BCD07FAB29092A8600B2121F /* TopView.swift in Sources */,
				BC5B8A2928B252CA00AC575B /* ProfileModel.swift in Sources */,
				BC6270B82921084300489E86 /* DataFetcher.swift in Sources */,
				BC2C53EC2928FB4000154785 /* CreateCommentView.swift in Sources */,
				BC6270B6292105D500489E86 /* UserModels.swift in Sources */,
				BCFFC84429211C8100EC1CAC /* ProfileHeaderView.swift in Sources */,
				BC5ED4EB292BA92D0081D330 /* AlbumsTableViewCell.swift in Sources */,
				BC6270BA2921088100489E86 /* UserDataFetcher.swift in Sources */,
				BCB9CBDE28C754CE00D0B667 /* NetworService.swift in Sources */,
				BC3A314029351F160023B199 /* UIViewControllerProtocol.swift in Sources */,
				BCE6A4E7292BB8EC00AA5678 /* AllPhotosCollectionViewCell.swift in Sources */,
				BC2C53E12927A4CD00154785 /* DetailPostHeaderView.swift in Sources */,
				BC0B5D50291E3AC6005430A5 /* PostTextView.swift in Sources */,
				BCD0A5A92923E89D00D07229 /* ProfileHeaderLowView.swift in Sources */,
				BCD0A5B22923EF7D00D07229 /* PhotoCollectionViewCell.swift in Sources */,
				BC5ED4E7292B94A70081D330 /* PhotosModel.swift in Sources */,
				BCD0A5AE2923E98000D07229 /* PhotosTableViewCell.swift in Sources */,
				BC5B8A2228B24D7800AC575B /* ProfilePresenter.swift in Sources */,
				BC9D11182909675200760E23 /* LowView.swift in Sources */,
				BC5B8A1B28B2489500AC575B /* FeedModel.swift in Sources */,
				BCFFC84629211DE400EC1CAC /* ProfileViewTopView.swift in Sources */,
				BC2C53E32927AC3F00154785 /* PostDetailPresenter.swift in Sources */,
				BC2BFC1F2885F4C300D5CED1 /* SceneDelegate.swift in Sources */,
				BC3A3142293522440023B199 /* Router.swift in Sources */,
				BCB372F5291BE5610092C952 /* FeedDataFetcher.swift in Sources */,
				BC5ED4E3292B91400081D330 /* PhotoDetailPresenter.swift in Sources */,
				BC2C53E52927AC9A00154785 /* PostDetailModel.swift in Sources */,
				BC616F3228CF96B90061A0B5 /* Extensions.swift in Sources */,
				BCE7506128B4F427001CAF88 /* PostTableViewCell.swift in Sources */,
				BC5B8A1928B2447400AC575B /* FeedPresenter.swift in Sources */,
				BC2C53EA2927BBE000154785 /* CommentTableViewCell.swift in Sources */,
				BCD07FAD290930DD00B2121F /* AttachmentsView.swift in Sources */,
				BC5ED4E1292B91270081D330 /* PhotoDetailViewController.swift in Sources */,
				BC2C53DD292653C000154785 /* Factory.swift in Sources */,
			);
			runOnlyForDeploymentPostprocessing = 0;
		};
/* End PBXSourcesBuildPhase section */

/* Begin PBXVariantGroup section */
		BC2BFC272885F4CA00D5CED1 /* LaunchScreen.storyboard */ = {
			isa = PBXVariantGroup;
			children = (
				BC2BFC282885F4CA00D5CED1 /* Base */,
			);
			name = LaunchScreen.storyboard;
			sourceTree = "<group>";
		};
/* End PBXVariantGroup section */

/* Begin XCBuildConfiguration section */
		BC2BFC2B2885F4CA00D5CED1 /* Debug */ = {
			isa = XCBuildConfiguration;
			buildSettings = {
				ALWAYS_SEARCH_USER_PATHS = NO;
				CLANG_ANALYZER_NONNULL = YES;
				CLANG_ANALYZER_NUMBER_OBJECT_CONVERSION = YES_AGGRESSIVE;
				CLANG_CXX_LANGUAGE_STANDARD = "gnu++17";
				CLANG_ENABLE_MODULES = YES;
				CLANG_ENABLE_OBJC_ARC = YES;
				CLANG_ENABLE_OBJC_WEAK = YES;
				CLANG_WARN_BLOCK_CAPTURE_AUTORELEASING = YES;
				CLANG_WARN_BOOL_CONVERSION = YES;
				CLANG_WARN_COMMA = YES;
				CLANG_WARN_CONSTANT_CONVERSION = YES;
				CLANG_WARN_DEPRECATED_OBJC_IMPLEMENTATIONS = YES;
				CLANG_WARN_DIRECT_OBJC_ISA_USAGE = YES_ERROR;
				CLANG_WARN_DOCUMENTATION_COMMENTS = YES;
				CLANG_WARN_EMPTY_BODY = YES;
				CLANG_WARN_ENUM_CONVERSION = YES;
				CLANG_WARN_INFINITE_RECURSION = YES;
				CLANG_WARN_INT_CONVERSION = YES;
				CLANG_WARN_NON_LITERAL_NULL_CONVERSION = YES;
				CLANG_WARN_OBJC_IMPLICIT_RETAIN_SELF = YES;
				CLANG_WARN_OBJC_LITERAL_CONVERSION = YES;
				CLANG_WARN_OBJC_ROOT_CLASS = YES_ERROR;
				CLANG_WARN_QUOTED_INCLUDE_IN_FRAMEWORK_HEADER = YES;
				CLANG_WARN_RANGE_LOOP_ANALYSIS = YES;
				CLANG_WARN_STRICT_PROTOTYPES = YES;
				CLANG_WARN_SUSPICIOUS_MOVE = YES;
				CLANG_WARN_UNGUARDED_AVAILABILITY = YES_AGGRESSIVE;
				CLANG_WARN_UNREACHABLE_CODE = YES;
				CLANG_WARN__DUPLICATE_METHOD_MATCH = YES;
				COPY_PHASE_STRIP = NO;
				DEBUG_INFORMATION_FORMAT = dwarf;
				ENABLE_STRICT_OBJC_MSGSEND = YES;
				ENABLE_TESTABILITY = YES;
				GCC_C_LANGUAGE_STANDARD = gnu11;
				GCC_DYNAMIC_NO_PIC = NO;
				GCC_NO_COMMON_BLOCKS = YES;
				GCC_OPTIMIZATION_LEVEL = 0;
				GCC_PREPROCESSOR_DEFINITIONS = (
					"DEBUG=1",
					"$(inherited)",
				);
				GCC_WARN_64_TO_32_BIT_CONVERSION = YES;
				GCC_WARN_ABOUT_RETURN_TYPE = YES_ERROR;
				GCC_WARN_UNDECLARED_SELECTOR = YES;
				GCC_WARN_UNINITIALIZED_AUTOS = YES_AGGRESSIVE;
				GCC_WARN_UNUSED_FUNCTION = YES;
				GCC_WARN_UNUSED_VARIABLE = YES;
				IPHONEOS_DEPLOYMENT_TARGET = 15.4;
				MTL_ENABLE_DEBUG_INFO = INCLUDE_SOURCE;
				MTL_FAST_MATH = YES;
				ONLY_ACTIVE_ARCH = YES;
				SDKROOT = iphoneos;
				SWIFT_ACTIVE_COMPILATION_CONDITIONS = DEBUG;
				SWIFT_OPTIMIZATION_LEVEL = "-Onone";
			};
			name = Debug;
		};
		BC2BFC2C2885F4CA00D5CED1 /* Release */ = {
			isa = XCBuildConfiguration;
			buildSettings = {
				ALWAYS_SEARCH_USER_PATHS = NO;
				CLANG_ANALYZER_NONNULL = YES;
				CLANG_ANALYZER_NUMBER_OBJECT_CONVERSION = YES_AGGRESSIVE;
				CLANG_CXX_LANGUAGE_STANDARD = "gnu++17";
				CLANG_ENABLE_MODULES = YES;
				CLANG_ENABLE_OBJC_ARC = YES;
				CLANG_ENABLE_OBJC_WEAK = YES;
				CLANG_WARN_BLOCK_CAPTURE_AUTORELEASING = YES;
				CLANG_WARN_BOOL_CONVERSION = YES;
				CLANG_WARN_COMMA = YES;
				CLANG_WARN_CONSTANT_CONVERSION = YES;
				CLANG_WARN_DEPRECATED_OBJC_IMPLEMENTATIONS = YES;
				CLANG_WARN_DIRECT_OBJC_ISA_USAGE = YES_ERROR;
				CLANG_WARN_DOCUMENTATION_COMMENTS = YES;
				CLANG_WARN_EMPTY_BODY = YES;
				CLANG_WARN_ENUM_CONVERSION = YES;
				CLANG_WARN_INFINITE_RECURSION = YES;
				CLANG_WARN_INT_CONVERSION = YES;
				CLANG_WARN_NON_LITERAL_NULL_CONVERSION = YES;
				CLANG_WARN_OBJC_IMPLICIT_RETAIN_SELF = YES;
				CLANG_WARN_OBJC_LITERAL_CONVERSION = YES;
				CLANG_WARN_OBJC_ROOT_CLASS = YES_ERROR;
				CLANG_WARN_QUOTED_INCLUDE_IN_FRAMEWORK_HEADER = YES;
				CLANG_WARN_RANGE_LOOP_ANALYSIS = YES;
				CLANG_WARN_STRICT_PROTOTYPES = YES;
				CLANG_WARN_SUSPICIOUS_MOVE = YES;
				CLANG_WARN_UNGUARDED_AVAILABILITY = YES_AGGRESSIVE;
				CLANG_WARN_UNREACHABLE_CODE = YES;
				CLANG_WARN__DUPLICATE_METHOD_MATCH = YES;
				COPY_PHASE_STRIP = NO;
				DEBUG_INFORMATION_FORMAT = "dwarf-with-dsym";
				ENABLE_NS_ASSERTIONS = NO;
				ENABLE_STRICT_OBJC_MSGSEND = YES;
				GCC_C_LANGUAGE_STANDARD = gnu11;
				GCC_NO_COMMON_BLOCKS = YES;
				GCC_WARN_64_TO_32_BIT_CONVERSION = YES;
				GCC_WARN_ABOUT_RETURN_TYPE = YES_ERROR;
				GCC_WARN_UNDECLARED_SELECTOR = YES;
				GCC_WARN_UNINITIALIZED_AUTOS = YES_AGGRESSIVE;
				GCC_WARN_UNUSED_FUNCTION = YES;
				GCC_WARN_UNUSED_VARIABLE = YES;
				IPHONEOS_DEPLOYMENT_TARGET = 15.4;
				MTL_ENABLE_DEBUG_INFO = NO;
				MTL_FAST_MATH = YES;
				SDKROOT = iphoneos;
				SWIFT_COMPILATION_MODE = wholemodule;
				SWIFT_OPTIMIZATION_LEVEL = "-O";
				VALIDATE_PRODUCT = YES;
			};
			name = Release;
		};
		BC2BFC2E2885F4CA00D5CED1 /* Debug */ = {
			isa = XCBuildConfiguration;
			baseConfigurationReference = 7E40DD75343AAAFECB1CDE0B /* Pods-Netology VK.debug.xcconfig */;
			buildSettings = {
				ASSETCATALOG_COMPILER_APPICON_NAME = AppIcon;
				ASSETCATALOG_COMPILER_GLOBAL_ACCENT_COLOR_NAME = AccentColor;
				CODE_SIGN_STYLE = Automatic;
				CURRENT_PROJECT_VERSION = 1;
				DEVELOPMENT_TEAM = NZF7D66GZB;
				GENERATE_INFOPLIST_FILE = YES;
				INFOPLIST_FILE = "Netology VK/Info.plist";
				INFOPLIST_KEY_UIApplicationSupportsIndirectInputEvents = YES;
				INFOPLIST_KEY_UILaunchStoryboardName = LaunchScreen;
				INFOPLIST_KEY_UIRequiredDeviceCapabilities = armv7;
				INFOPLIST_KEY_UISupportedInterfaceOrientations = UIInterfaceOrientationPortrait;
				LD_RUNPATH_SEARCH_PATHS = (
					"$(inherited)",
					"@executable_path/Frameworks",
				);
				MARKETING_VERSION = 1.0;
				PRODUCT_BUNDLE_IDENTIFIER = "-.Netology-VK";
				PRODUCT_NAME = "$(TARGET_NAME)";
				SWIFT_EMIT_LOC_STRINGS = YES;
				SWIFT_VERSION = 5.0;
				TARGETED_DEVICE_FAMILY = "1,2";
			};
			name = Debug;
		};
		BC2BFC2F2885F4CA00D5CED1 /* Release */ = {
			isa = XCBuildConfiguration;
			baseConfigurationReference = 0FD1939223364E650F748687 /* Pods-Netology VK.release.xcconfig */;
			buildSettings = {
				ASSETCATALOG_COMPILER_APPICON_NAME = AppIcon;
				ASSETCATALOG_COMPILER_GLOBAL_ACCENT_COLOR_NAME = AccentColor;
				CODE_SIGN_STYLE = Automatic;
				CURRENT_PROJECT_VERSION = 1;
				DEVELOPMENT_TEAM = NZF7D66GZB;
				GENERATE_INFOPLIST_FILE = YES;
				INFOPLIST_FILE = "Netology VK/Info.plist";
				INFOPLIST_KEY_UIApplicationSupportsIndirectInputEvents = YES;
				INFOPLIST_KEY_UILaunchStoryboardName = LaunchScreen;
				INFOPLIST_KEY_UIRequiredDeviceCapabilities = armv7;
				INFOPLIST_KEY_UISupportedInterfaceOrientations = UIInterfaceOrientationPortrait;
				LD_RUNPATH_SEARCH_PATHS = (
					"$(inherited)",
					"@executable_path/Frameworks",
				);
				MARKETING_VERSION = 1.0;
				PRODUCT_BUNDLE_IDENTIFIER = "-.Netology-VK";
				PRODUCT_NAME = "$(TARGET_NAME)";
				SWIFT_EMIT_LOC_STRINGS = YES;
				SWIFT_VERSION = 5.0;
				TARGETED_DEVICE_FAMILY = "1,2";
			};
			name = Release;
		};
/* End XCBuildConfiguration section */

/* Begin XCConfigurationList section */
		BC2BFC142885F4C300D5CED1 /* Build configuration list for PBXProject "Netology VK" */ = {
			isa = XCConfigurationList;
			buildConfigurations = (
				BC2BFC2B2885F4CA00D5CED1 /* Debug */,
				BC2BFC2C2885F4CA00D5CED1 /* Release */,
			);
			defaultConfigurationIsVisible = 0;
			defaultConfigurationName = Release;
		};
		BC2BFC2D2885F4CA00D5CED1 /* Build configuration list for PBXNativeTarget "Netology VK" */ = {
			isa = XCConfigurationList;
			buildConfigurations = (
				BC2BFC2E2885F4CA00D5CED1 /* Debug */,
				BC2BFC2F2885F4CA00D5CED1 /* Release */,
			);
			defaultConfigurationIsVisible = 0;
			defaultConfigurationName = Release;
		};
/* End XCConfigurationList section */
	};
	rootObject = BC2BFC112885F4C300D5CED1 /* Project object */;
}
